
Microsoft Visual Studio Solution File, Format Version 12.00
# Visual Studio Version 16
VisualStudioVersion = 16.0.30404.54
MinimumVisualStudioVersion = 10.0.40219.1
Project("{FAE04EC0-301F-11D3-BF4B-00C04F79EFBC}") = "SamutaiApp.Domain", "SamutaiApp.Domain\SamutaiApp.Domain.csproj", "{701AC36A-27B7-405B-B716-D282ED9A2F60}"
EndProject
Project("{FAE04EC0-301F-11D3-BF4B-00C04F79EFBC}") = "SamuraiApp.Data", "SamuraiApp.Data\SamuraiApp.Data.csproj", "{6DA4CCE5-82E4-40DE-8A81-32ED983F9AD0}"
EndProject
Project("{FAE04EC0-301F-11D3-BF4B-00C04F79EFBC}") = "MainApp", "MainApp\MainApp.csproj", "{6E40AF5E-1F2A-4779-BA7C-F243DD484215}"
EndProject
Global
	GlobalSection(SolutionConfigurationPlatforms) = preSolution
		Debug|Any CPU = Debug|Any CPU
		Release|Any CPU = Release|Any CPU
	EndGlobalSection
	GlobalSection(ProjectConfigurationPlatforms) = postSolution
		{701AC36A-27B7-405B-B716-D282ED9A2F60}.Debug|Any CPU.ActiveCfg = Debug|Any CPU
		{701AC36A-27B7-405B-B716-D282ED9A2F60}.Debug|Any CPU.Build.0 = Debug|Any CPU
		{701AC36A-27B7-405B-B716-D282ED9A2F60}.Release|Any CPU.ActiveCfg = Release|Any CPU
		{701AC36A-27B7-405B-B716-D282ED9A2F60}.Release|Any CPU.Build.0 = Release|Any CPU
		{6DA4CCE5-82E4-40DE-8A81-32ED983F9AD0}.Debug|Any CPU.ActiveCfg = Debug|Any CPU
		{6DA4CCE5-82E4-40DE-8A81-32ED983F9AD0}.Debug|Any CPU.Build.0 = Debug|Any CPU
		{6DA4CCE5-82E4-40DE-8A81-32ED983F9AD0}.Release|Any CPU.ActiveCfg = Release|Any CPU
		{6DA4CCE5-82E4-40DE-8A81-32ED983F9AD0}.Release|Any CPU.Build.0 = Release|Any CPU
		{6E40AF5E-1F2A-4779-BA7C-F243DD484215}.Debug|Any CPU.ActiveCfg = Debug|Any CPU
		{6E40AF5E-1F2A-4779-BA7C-F243DD484215}.Debug|Any CPU.Build.0 = Debug|Any CPU
		{6E40AF5E-1F2A-4779-BA7C-F243DD484215}.Release|Any CPU.ActiveCfg = Release|Any CPU
		{6E40AF5E-1F2A-4779-BA7C-F243DD484215}.Release|Any CPU.Build.0 = Release|Any CPU
	EndGlobalSection
	GlobalSection(SolutionProperties) = preSolution
		HideSolutionNode = FALSE
	EndGlobalSection
	GlobalSection(ExtensibilityGlobals) = postSolution
		SolutionGuid = {C28C235B-05DD-4869-ACB6-BC2CF78C7A08}
	EndGlobalSection
EndGlobal
